
Microsoft Visual Studio Solution File, Format Version 12.00
# Visual Studio 14
VisualStudioVersion = 14.0.25420.1
MinimumVisualStudioVersion = 10.0.40219.1
Project("{FAE04EC0-301F-11D3-BF4B-00C04F79EFBC}") = "MyPersonalWebApp", "MyPersonalWebApp\MyPersonalWebApp.csproj", "{0C7618A7-63B5-48EA-A841-9F6562348C6F}"
EndProject
Project("{FAE04EC0-301F-11D3-BF4B-00C04F79EFBC}") = "MyPersonalWebApp.Tests", "MyPersonalWebApp.Tests\MyPersonalWebApp.Tests.csproj", "{1C4D19C2-C47F-4D91-9E14-D9E70B26EE43}"
EndProject
Global
	GlobalSection(SolutionConfigurationPlatforms) = preSolution
		Debug|Any CPU = Debug|Any CPU
		Release|Any CPU = Release|Any CPU
	EndGlobalSection
	GlobalSection(ProjectConfigurationPlatforms) = postSolution
		{0C7618A7-63B5-48EA-A841-9F6562348C6F}.Debug|Any CPU.ActiveCfg = Debug|Any CPU
		{0C7618A7-63B5-48EA-A841-9F6562348C6F}.Debug|Any CPU.Build.0 = Debug|Any CPU
		{0C7618A7-63B5-48EA-A841-9F6562348C6F}.Release|Any CPU.ActiveCfg = Release|Any CPU
		{0C7618A7-63B5-48EA-A841-9F6562348C6F}.Release|Any CPU.Build.0 = Release|Any CPU
		{1C4D19C2-C47F-4D91-9E14-D9E70B26EE43}.Debug|Any CPU.ActiveCfg = Debug|Any CPU
		{1C4D19C2-C47F-4D91-9E14-D9E70B26EE43}.Debug|Any CPU.Build.0 = Debug|Any CPU
		{1C4D19C2-C47F-4D91-9E14-D9E70B26EE43}.Release|Any CPU.ActiveCfg = Release|Any CPU
		{1C4D19C2-C47F-4D91-9E14-D9E70B26EE43}.Release|Any CPU.Build.0 = Release|Any CPU
	EndGlobalSection
	GlobalSection(SolutionProperties) = preSolution
		HideSolutionNode = FALSE
	EndGlobalSection
EndGlobal
